
Microsoft Visual Studio Solution File, Format Version 12.00
# Visual Studio Version 17
VisualStudioVersion = 17.8.34330.188
MinimumVisualStudioVersion = 10.0.40219.1
Project("{FAE04EC0-301F-11D3-BF4B-00C04F79EFBC}") = "nebDotTech.Server", "nebDotTech.Server\nebDotTech.Server.csproj", "{99142C50-8C78-495B-A4BE-4258215737BE}"
EndProject
Project("{54A90642-561A-4BB1-A94E-469ADEE60C69}") = "nebdottech.client", "nebdottech.client\nebdottech.client.esproj", "{E03BB3E6-E2F3-4BC9-9D13-2A702E315BE5}"
EndProject
Global
	GlobalSection(SolutionConfigurationPlatforms) = preSolution
		Debug|Any CPU = Debug|Any CPU
		Release|Any CPU = Release|Any CPU
	EndGlobalSection
	GlobalSection(ProjectConfigurationPlatforms) = postSolution
		{99142C50-8C78-495B-A4BE-4258215737BE}.Debug|Any CPU.ActiveCfg = Debug|Any CPU
		{99142C50-8C78-495B-A4BE-4258215737BE}.Debug|Any CPU.Build.0 = Debug|Any CPU
		{99142C50-8C78-495B-A4BE-4258215737BE}.Release|Any CPU.ActiveCfg = Release|Any CPU
		{99142C50-8C78-495B-A4BE-4258215737BE}.Release|Any CPU.Build.0 = Release|Any CPU
		{E03BB3E6-E2F3-4BC9-9D13-2A702E315BE5}.Debug|Any CPU.ActiveCfg = Debug|Any CPU
		{E03BB3E6-E2F3-4BC9-9D13-2A702E315BE5}.Debug|Any CPU.Build.0 = Debug|Any CPU
		{E03BB3E6-E2F3-4BC9-9D13-2A702E315BE5}.Debug|Any CPU.Deploy.0 = Debug|Any CPU
		{E03BB3E6-E2F3-4BC9-9D13-2A702E315BE5}.Release|Any CPU.ActiveCfg = Release|Any CPU
		{E03BB3E6-E2F3-4BC9-9D13-2A702E315BE5}.Release|Any CPU.Build.0 = Release|Any CPU
		{E03BB3E6-E2F3-4BC9-9D13-2A702E315BE5}.Release|Any CPU.Deploy.0 = Release|Any CPU
	EndGlobalSection
	GlobalSection(SolutionProperties) = preSolution
		HideSolutionNode = FALSE
	EndGlobalSection
	GlobalSection(ExtensibilityGlobals) = postSolution
		SolutionGuid = {6DFA15FA-4123-4DFC-87F5-DE2F650BAC8A}
	EndGlobalSection
EndGlobal
